
Microsoft Visual Studio Solution File, Format Version 12.00
# Visual Studio Version 17
VisualStudioVersion = 17.5.33530.505
MinimumVisualStudioVersion = 10.0.40219.1
Project("{FAE04EC0-301F-11D3-BF4B-00C04F79EFBC}") = "Discrete-Event-Simulator", "Discrete-Event-Simulator.csproj", "{C679F868-D9CF-4CAC-979D-FB5A5DB68E25}"
EndProject
Global
	GlobalSection(SolutionConfigurationPlatforms) = preSolution
		Debug|Any CPU = Debug|Any CPU
		Release|Any CPU = Release|Any CPU
	EndGlobalSection
	GlobalSection(ProjectConfigurationPlatforms) = postSolution
		{C679F868-D9CF-4CAC-979D-FB5A5DB68E25}.Debug|Any CPU.ActiveCfg = Debug|Any CPU
		{C679F868-D9CF-4CAC-979D-FB5A5DB68E25}.Debug|Any CPU.Build.0 = Debug|Any CPU
		{C679F868-D9CF-4CAC-979D-FB5A5DB68E25}.Release|Any CPU.ActiveCfg = Release|Any CPU
		{C679F868-D9CF-4CAC-979D-FB5A5DB68E25}.Release|Any CPU.Build.0 = Release|Any CPU
	EndGlobalSection
	GlobalSection(SolutionProperties) = preSolution
		HideSolutionNode = FALSE
	EndGlobalSection
	GlobalSection(ExtensibilityGlobals) = postSolution
		SolutionGuid = {8C33E99C-A2E1-434F-B809-8CA7AAD99F5E}
	EndGlobalSection
EndGlobal
